// !$*UTF8*$!
{
	archiveVersion = 1;
	classes = {
	};
	objectVersion = 46;
	objects = {

/* Begin PBXBuildFile section */
		02DA3D844D7E9398CF7D1E07 /* Pods_iOSArchitectureMVVM.framework in Frameworks */ = {isa = PBXBuildFile; fileRef = DF8FE1E1A2223452C4665B9A /* Pods_iOSArchitectureMVVM.framework */; };
		753E27CE1E0C7578004CA208 /* AppDelegate.swift in Sources */ = {isa = PBXBuildFile; fileRef = 753E27CD1E0C7578004CA208 /* AppDelegate.swift */; };
		753E27D31E0C7578004CA208 /* Main.storyboard in Resources */ = {isa = PBXBuildFile; fileRef = 753E27D11E0C7578004CA208 /* Main.storyboard */; };
		753E27D51E0C7578004CA208 /* Assets.xcassets in Resources */ = {isa = PBXBuildFile; fileRef = 753E27D41E0C7578004CA208 /* Assets.xcassets */; };
		753E27D81E0C7578004CA208 /* LaunchScreen.storyboard in Resources */ = {isa = PBXBuildFile; fileRef = 753E27D61E0C7578004CA208 /* LaunchScreen.storyboard */; };
		753E27E11E140853004CA208 /* User.swift in Sources */ = {isa = PBXBuildFile; fileRef = 753E27E01E140853004CA208 /* User.swift */; };
		753E27E41E14088C004CA208 /* DateFormatter.swift in Sources */ = {isa = PBXBuildFile; fileRef = 753E27E31E14088C004CA208 /* DateFormatter.swift */; };
		753E27E61E1408AB004CA208 /* SwiftyJSON+Date.swift in Sources */ = {isa = PBXBuildFile; fileRef = 753E27E51E1408AB004CA208 /* SwiftyJSON+Date.swift */; };
		753E27E91E1408E5004CA208 /* GithubAPI.swift in Sources */ = {isa = PBXBuildFile; fileRef = 753E27E81E1408E5004CA208 /* GithubAPI.swift */; };
		753E27EB1E1408FA004CA208 /* GithubService.swift in Sources */ = {isa = PBXBuildFile; fileRef = 753E27EA1E1408FA004CA208 /* GithubService.swift */; };
		753E27F81E140ACC004CA208 /* UsersTableViewCell.swift in Sources */ = {isa = PBXBuildFile; fileRef = 753E27F61E140ACC004CA208 /* UsersTableViewCell.swift */; };
		753E27F91E140ACC004CA208 /* UsersTableViewCell.xib in Resources */ = {isa = PBXBuildFile; fileRef = 753E27F71E140ACC004CA208 /* UsersTableViewCell.xib */; };
		753E27FD1E140B14004CA208 /* UsersController.swift in Sources */ = {isa = PBXBuildFile; fileRef = 753E27FA1E140B14004CA208 /* UsersController.swift */; };
		753E27FE1E140B14004CA208 /* UsersController+DataSource.swift in Sources */ = {isa = PBXBuildFile; fileRef = 753E27FB1E140B14004CA208 /* UsersController+DataSource.swift */; };
		753E27FF1E140B14004CA208 /* UsersController+Delegate.swift in Sources */ = {isa = PBXBuildFile; fileRef = 753E27FC1E140B14004CA208 /* UsersController+Delegate.swift */; };
		753E28021E141D23004CA208 /* UsersViewModel.swift in Sources */ = {isa = PBXBuildFile; fileRef = 753E28011E141D23004CA208 /* UsersViewModel.swift */; };
		753E28061E142D9F004CA208 /* UsersViewModelContract.swift in Sources */ = {isa = PBXBuildFile; fileRef = 753E28051E142D9F004CA208 /* UsersViewModelContract.swift */; };
		753E28081E143C58004CA208 /* UserCellViewModel.swift in Sources */ = {isa = PBXBuildFile; fileRef = 753E28071E143C58004CA208 /* UserCellViewModel.swift */; };
/* End PBXBuildFile section */

/* Begin PBXFileReference section */
		256CB7A0F28DB076AFBAFD84 /* Pods-iOSArchitectureMVVM.debug.xcconfig */ = {isa = PBXFileReference; includeInIndex = 1; lastKnownFileType = text.xcconfig; name = "Pods-iOSArchitectureMVVM.debug.xcconfig"; path = "Pods/Target Support Files/Pods-iOSArchitectureMVVM/Pods-iOSArchitectureMVVM.debug.xcconfig"; sourceTree = "<group>"; };
		753E27CA1E0C7578004CA208 /* iOSArchitectureMVVM.app */ = {isa = PBXFileReference; explicitFileType = wrapper.application; includeInIndex = 0; path = iOSArchitectureMVVM.app; sourceTree = BUILT_PRODUCTS_DIR; };
		753E27CD1E0C7578004CA208 /* AppDelegate.swift */ = {isa = PBXFileReference; lastKnownFileType = sourcecode.swift; path = AppDelegate.swift; sourceTree = "<group>"; };
		753E27D21E0C7578004CA208 /* Base */ = {isa = PBXFileReference; lastKnownFileType = file.storyboard; name = Base; path = Base.lproj/Main.storyboard; sourceTree = "<group>"; };
		753E27D41E0C7578004CA208 /* Assets.xcassets */ = {isa = PBXFileReference; lastKnownFileType = folder.assetcatalog; path = Assets.xcassets; sourceTree = "<group>"; };
		753E27D71E0C7578004CA208 /* Base */ = {isa = PBXFileReference; lastKnownFileType = file.storyboard; name = Base; path = Base.lproj/LaunchScreen.storyboard; sourceTree = "<group>"; };
		753E27D91E0C7578004CA208 /* Info.plist */ = {isa = PBXFileReference; lastKnownFileType = text.plist.xml; path = Info.plist; sourceTree = "<group>"; };
		753E27E01E140853004CA208 /* User.swift */ = {isa = PBXFileReference; fileEncoding = 4; lastKnownFileType = sourcecode.swift; name = User.swift; path = model/User.swift; sourceTree = "<group>"; };
		753E27E31E14088C004CA208 /* DateFormatter.swift */ = {isa = PBXFileReference; fileEncoding = 4; lastKnownFileType = sourcecode.swift; name = DateFormatter.swift; path = utils/DateFormatter.swift; sourceTree = "<group>"; };
		753E27E51E1408AB004CA208 /* SwiftyJSON+Date.swift */ = {isa = PBXFileReference; fileEncoding = 4; lastKnownFileType = sourcecode.swift; name = "SwiftyJSON+Date.swift"; path = "utils/SwiftyJSON+Date.swift"; sourceTree = "<group>"; };
		753E27E81E1408E5004CA208 /* GithubAPI.swift */ = {isa = PBXFileReference; fileEncoding = 4; lastKnownFileType = sourcecode.swift; name = GithubAPI.swift; path = rest/GithubAPI.swift; sourceTree = "<group>"; };
		753E27EA1E1408FA004CA208 /* GithubService.swift */ = {isa = PBXFileReference; fileEncoding = 4; lastKnownFileType = sourcecode.swift; name = GithubService.swift; path = rest/GithubService.swift; sourceTree = "<group>"; };
		753E27F61E140ACC004CA208 /* UsersTableViewCell.swift */ = {isa = PBXFileReference; fileEncoding = 4; lastKnownFileType = sourcecode.swift; name = UsersTableViewCell.swift; path = view/users/UsersTableViewCell.swift; sourceTree = "<group>"; };
		753E27F71E140ACC004CA208 /* UsersTableViewCell.xib */ = {isa = PBXFileReference; fileEncoding = 4; lastKnownFileType = file.xib; name = UsersTableViewCell.xib; path = view/users/UsersTableViewCell.xib; sourceTree = "<group>"; };
		753E27FA1E140B14004CA208 /* UsersController.swift */ = {isa = PBXFileReference; fileEncoding = 4; lastKnownFileType = sourcecode.swift; name = UsersController.swift; path = view/users/UsersController.swift; sourceTree = "<group>"; };
		753E27FB1E140B14004CA208 /* UsersController+DataSource.swift */ = {isa = PBXFileReference; fileEncoding = 4; lastKnownFileType = sourcecode.swift; name = "UsersController+DataSource.swift"; path = "view/users/UsersController+DataSource.swift"; sourceTree = "<group>"; };
		753E27FC1E140B14004CA208 /* UsersController+Delegate.swift */ = {isa = PBXFileReference; fileEncoding = 4; lastKnownFileType = sourcecode.swift; name = "UsersController+Delegate.swift"; path = "view/users/UsersController+Delegate.swift"; sourceTree = "<group>"; };
		753E28011E141D23004CA208 /* UsersViewModel.swift */ = {isa = PBXFileReference; fileEncoding = 4; lastKnownFileType = sourcecode.swift; name = UsersViewModel.swift; path = viewmodel/UsersViewModel.swift; sourceTree = "<group>"; };
		753E28051E142D9F004CA208 /* UsersViewModelContract.swift */ = {isa = PBXFileReference; fileEncoding = 4; lastKnownFileType = sourcecode.swift; name = UsersViewModelContract.swift; path = viewmodel/UsersViewModelContract.swift; sourceTree = "<group>"; };
		753E28071E143C58004CA208 /* UserCellViewModel.swift */ = {isa = PBXFileReference; fileEncoding = 4; lastKnownFileType = sourcecode.swift; name = UserCellViewModel.swift; path = viewmodel/UserCellViewModel.swift; sourceTree = "<group>"; };
		DF8FE1E1A2223452C4665B9A /* Pods_iOSArchitectureMVVM.framework */ = {isa = PBXFileReference; explicitFileType = wrapper.framework; includeInIndex = 0; path = Pods_iOSArchitectureMVVM.framework; sourceTree = BUILT_PRODUCTS_DIR; };
		E4C3083AF1C8F194BB53E380 /* Pods-iOSArchitectureMVVM.release.xcconfig */ = {isa = PBXFileReference; includeInIndex = 1; lastKnownFileType = text.xcconfig; name = "Pods-iOSArchitectureMVVM.release.xcconfig"; path = "Pods/Target Support Files/Pods-iOSArchitectureMVVM/Pods-iOSArchitectureMVVM.release.xcconfig"; sourceTree = "<group>"; };
/* End PBXFileReference section */

/* Begin PBXFrameworksBuildPhase section */
		753E27C71E0C7578004CA208 /* Frameworks */ = {
			isa = PBXFrameworksBuildPhase;
			buildActionMask = 2147483647;
			files = (
				02DA3D844D7E9398CF7D1E07 /* Pods_iOSArchitectureMVVM.framework in Frameworks */,
			);
			runOnlyForDeploymentPostprocessing = 0;
		};
/* End PBXFrameworksBuildPhase section */

/* Begin PBXGroup section */
		44DB816BC144F256A0B1086B /* Pods */ = {
			isa = PBXGroup;
			children = (
				256CB7A0F28DB076AFBAFD84 /* Pods-iOSArchitectureMVVM.debug.xcconfig */,
				E4C3083AF1C8F194BB53E380 /* Pods-iOSArchitectureMVVM.release.xcconfig */,
			);
			name = Pods;
			sourceTree = "<group>";
		};
		753E27C11E0C7578004CA208 = {
			isa = PBXGroup;
			children = (
				753E27CC1E0C7578004CA208 /* iOSArchitectureMVVM */,
				753E27CB1E0C7578004CA208 /* Products */,
				44DB816BC144F256A0B1086B /* Pods */,
				E558A116DAF0DD338563E105 /* Frameworks */,
			);
			sourceTree = "<group>";
		};
		753E27CB1E0C7578004CA208 /* Products */ = {
			isa = PBXGroup;
			children = (
				753E27CA1E0C7578004CA208 /* iOSArchitectureMVVM.app */,
			);
			name = Products;
			sourceTree = "<group>";
		};
		753E27CC1E0C7578004CA208 /* iOSArchitectureMVVM */ = {
			isa = PBXGroup;
			children = (
				753E28001E141D07004CA208 /* viewmodel */,
				753E27EC1E14093F004CA208 /* view */,
				753E27E71E1408D1004CA208 /* rest */,
				753E27E21E140872004CA208 /* utils */,
				753E27DF1E14077D004CA208 /* model */,
				753E27CD1E0C7578004CA208 /* AppDelegate.swift */,
				753E27D11E0C7578004CA208 /* Main.storyboard */,
				753E27D41E0C7578004CA208 /* Assets.xcassets */,
				753E27D61E0C7578004CA208 /* LaunchScreen.storyboard */,
				753E27D91E0C7578004CA208 /* Info.plist */,
			);
			path = iOSArchitectureMVVM;
			sourceTree = "<group>";
		};
		753E27DF1E14077D004CA208 /* model */ = {
			isa = PBXGroup;
			children = (
				753E27E01E140853004CA208 /* User.swift */,
			);
			name = model;
			sourceTree = "<group>";
		};
		753E27E21E140872004CA208 /* utils */ = {
			isa = PBXGroup;
			children = (
				753E27E31E14088C004CA208 /* DateFormatter.swift */,
				753E27E51E1408AB004CA208 /* SwiftyJSON+Date.swift */,
			);
			name = utils;
			sourceTree = "<group>";
		};
		753E27E71E1408D1004CA208 /* rest */ = {
			isa = PBXGroup;
			children = (
				753E27E81E1408E5004CA208 /* GithubAPI.swift */,
				753E27EA1E1408FA004CA208 /* GithubService.swift */,
			);
			name = rest;
			sourceTree = "<group>";
		};
		753E27EC1E14093F004CA208 /* view */ = {
			isa = PBXGroup;
			children = (
				753E27ED1E140946004CA208 /* users */,
			);
			name = view;
			sourceTree = "<group>";
		};
		753E27ED1E140946004CA208 /* users */ = {
			isa = PBXGroup;
			children = (
				753E27F61E140ACC004CA208 /* UsersTableViewCell.swift */,
				753E27FA1E140B14004CA208 /* UsersController.swift */,
				753E27FB1E140B14004CA208 /* UsersController+DataSource.swift */,
				753E27FC1E140B14004CA208 /* UsersController+Delegate.swift */,
				753E27F71E140ACC004CA208 /* UsersTableViewCell.xib */,
			);
			name = users;
			sourceTree = "<group>";
		};
		753E28001E141D07004CA208 /* viewmodel */ = {
			isa = PBXGroup;
			children = (
				753E28011E141D23004CA208 /* UsersViewModel.swift */,
				753E28051E142D9F004CA208 /* UsersViewModelContract.swift */,
				753E28071E143C58004CA208 /* UserCellViewModel.swift */,
			);
			name = viewmodel;
			sourceTree = "<group>";
		};
		E558A116DAF0DD338563E105 /* Frameworks */ = {
			isa = PBXGroup;
			children = (
				DF8FE1E1A2223452C4665B9A /* Pods_iOSArchitectureMVVM.framework */,
			);
			name = Frameworks;
			sourceTree = "<group>";
		};
/* End PBXGroup section */

/* Begin PBXNativeTarget section */
		753E27C91E0C7578004CA208 /* iOSArchitectureMVVM */ = {
			isa = PBXNativeTarget;
			buildConfigurationList = 753E27DC1E0C7578004CA208 /* Build configuration list for PBXNativeTarget "iOSArchitectureMVVM" */;
			buildPhases = (
				ADB580A7E0D5DF2FF1AEDFA4 /* [CP] Check Pods Manifest.lock */,
				753E27C61E0C7578004CA208 /* Sources */,
				753E27C71E0C7578004CA208 /* Frameworks */,
				753E27C81E0C7578004CA208 /* Resources */,
				BF46FF5FFDA47B9C53580EE8 /* [CP] Embed Pods Frameworks */,
				8B08081FC23D0E7BC93C3C73 /* [CP] Copy Pods Resources */,
			);
			buildRules = (
			);
			dependencies = (
			);
			name = iOSArchitectureMVVM;
			productName = iOSArchitectureMVVM;
			productReference = 753E27CA1E0C7578004CA208 /* iOSArchitectureMVVM.app */;
			productType = "com.apple.product-type.application";
		};
/* End PBXNativeTarget section */

/* Begin PBXProject section */
		753E27C21E0C7578004CA208 /* Project object */ = {
			isa = PBXProject;
			attributes = {
				LastSwiftUpdateCheck = 0800;
				LastUpgradeCheck = 0800;
				ORGANIZATIONNAME = Artur;
				TargetAttributes = {
					753E27C91E0C7578004CA208 = {
						CreatedOnToolsVersion = 8.0;
						ProvisioningStyle = Automatic;
					};
				};
			};
			buildConfigurationList = 753E27C51E0C7578004CA208 /* Build configuration list for PBXProject "iOSArchitectureMVVM" */;
			compatibilityVersion = "Xcode 3.2";
			developmentRegion = English;
			hasScannedForEncodings = 0;
			knownRegions = (
				en,
				Base,
			);
			mainGroup = 753E27C11E0C7578004CA208;
			productRefGroup = 753E27CB1E0C7578004CA208 /* Products */;
			projectDirPath = "";
			projectRoot = "";
			targets = (
				753E27C91E0C7578004CA208 /* iOSArchitectureMVVM */,
			);
		};
/* End PBXProject section */

/* Begin PBXResourcesBuildPhase section */
		753E27C81E0C7578004CA208 /* Resources */ = {
			isa = PBXResourcesBuildPhase;
			buildActionMask = 2147483647;
			files = (
				753E27F91E140ACC004CA208 /* UsersTableViewCell.xib in Resources */,
				753E27D81E0C7578004CA208 /* LaunchScreen.storyboard in Resources */,
				753E27D51E0C7578004CA208 /* Assets.xcassets in Resources */,
				753E27D31E0C7578004CA208 /* Main.storyboard in Resources */,
			);
			runOnlyForDeploymentPostprocessing = 0;
		};
/* End PBXResourcesBuildPhase section */

/* Begin PBXShellScriptBuildPhase section */
		8B08081FC23D0E7BC93C3C73 /* [CP] Copy Pods Resources */ = {
			isa = PBXShellScriptBuildPhase;
			buildActionMask = 2147483647;
			files = (
			);
			inputPaths = (
			);
			name = "[CP] Copy Pods Resources";
			outputPaths = (
			);
			runOnlyForDeploymentPostprocessing = 0;
			shellPath = /bin/sh;
			shellScript = "\"${SRCROOT}/Pods/Target Support Files/Pods-iOSArchitectureMVVM/Pods-iOSArchitectureMVVM-resources.sh\"\n";
			showEnvVarsInLog = 0;
		};
		ADB580A7E0D5DF2FF1AEDFA4 /* [CP] Check Pods Manifest.lock */ = {
			isa = PBXShellScriptBuildPhase;
			buildActionMask = 2147483647;
			files = (
			);
			inputPaths = (
			);
			name = "[CP] Check Pods Manifest.lock";
			outputPaths = (
			);
			runOnlyForDeploymentPostprocessing = 0;
			shellPath = /bin/sh;
			shellScript = "diff \"${PODS_ROOT}/../Podfile.lock\" \"${PODS_ROOT}/Manifest.lock\" > /dev/null\nif [ $? != 0 ] ; then\n    # print error to STDERR\n    echo \"error: The sandbox is not in sync with the Podfile.lock. Run 'pod install' or update your CocoaPods installation.\" >&2\n    exit 1\nfi\n";
			showEnvVarsInLog = 0;
		};
		BF46FF5FFDA47B9C53580EE8 /* [CP] Embed Pods Frameworks */ = {
			isa = PBXShellScriptBuildPhase;
			buildActionMask = 2147483647;
			files = (
			);
			inputPaths = (
			);
			name = "[CP] Embed Pods Frameworks";
			outputPaths = (
			);
			runOnlyForDeploymentPostprocessing = 0;
			shellPath = /bin/sh;
			shellScript = "\"${SRCROOT}/Pods/Target Support Files/Pods-iOSArchitectureMVVM/Pods-iOSArchitectureMVVM-frameworks.sh\"\n";
			showEnvVarsInLog = 0;
		};
/* End PBXShellScriptBuildPhase section */

/* Begin PBXSourcesBuildPhase section */
		753E27C61E0C7578004CA208 /* Sources */ = {
			isa = PBXSourcesBuildPhase;
			buildActionMask = 2147483647;
			files = (
				753E27F81E140ACC004CA208 /* UsersTableViewCell.swift in Sources */,
				753E28021E141D23004CA208 /* UsersViewModel.swift in Sources */,
				753E27E41E14088C004CA208 /* DateFormatter.swift in Sources */,
				753E27FF1E140B14004CA208 /* UsersController+Delegate.swift in Sources */,
				753E27FE1E140B14004CA208 /* UsersController+DataSource.swift in Sources */,
				753E27E91E1408E5004CA208 /* GithubAPI.swift in Sources */,
				753E27E61E1408AB004CA208 /* SwiftyJSON+Date.swift in Sources */,
				753E27EB1E1408FA004CA208 /* GithubService.swift in Sources */,
				753E28061E142D9F004CA208 /* UsersViewModelContract.swift in Sources */,
				753E27CE1E0C7578004CA208 /* AppDelegate.swift in Sources */,
				753E28081E143C58004CA208 /* UserCellViewModel.swift in Sources */,
				753E27E11E140853004CA208 /* User.swift in Sources */,
				753E27FD1E140B14004CA208 /* UsersController.swift in Sources */,
			);
			runOnlyForDeploymentPostprocessing = 0;
		};
/* End PBXSourcesBuildPhase section */

/* Begin PBXVariantGroup section */
		753E27D11E0C7578004CA208 /* Main.storyboard */ = {
			isa = PBXVariantGroup;
			children = (
				753E27D21E0C7578004CA208 /* Base */,
			);
			name = Main.storyboard;
			sourceTree = "<group>";
		};
		753E27D61E0C7578004CA208 /* LaunchScreen.storyboard */ = {
			isa = PBXVariantGroup;
			children = (
				753E27D71E0C7578004CA208 /* Base */,
			);
			name = LaunchScreen.storyboard;
			sourceTree = "<group>";
		};
/* End PBXVariantGroup section */

/* Begin XCBuildConfiguration section */
		753E27DA1E0C7578004CA208 /* Debug */ = {
			isa = XCBuildConfiguration;
			buildSettings = {
				ALWAYS_SEARCH_USER_PATHS = NO;
				CLANG_ANALYZER_NONNULL = YES;
				CLANG_CXX_LANGUAGE_STANDARD = "gnu++0x";
				CLANG_CXX_LIBRARY = "libc++";
				CLANG_ENABLE_MODULES = YES;
				CLANG_ENABLE_OBJC_ARC = YES;
				CLANG_WARN_BOOL_CONVERSION = YES;
				CLANG_WARN_CONSTANT_CONVERSION = YES;
				CLANG_WARN_DIRECT_OBJC_ISA_USAGE = YES_ERROR;
				CLANG_WARN_DOCUMENTATION_COMMENTS = YES;
				CLANG_WARN_EMPTY_BODY = YES;
				CLANG_WARN_ENUM_CONVERSION = YES;
				CLANG_WARN_INFINITE_RECURSION = YES;
				CLANG_WARN_INT_CONVERSION = YES;
				CLANG_WARN_OBJC_ROOT_CLASS = YES_ERROR;
				CLANG_WARN_SUSPICIOUS_MOVES = YES;
				CLANG_WARN_UNREACHABLE_CODE = YES;
				CLANG_WARN__DUPLICATE_METHOD_MATCH = YES;
				"CODE_SIGN_IDENTITY[sdk=iphoneos*]" = "iPhone Developer";
				COPY_PHASE_STRIP = NO;
				DEBUG_INFORMATION_FORMAT = dwarf;
				ENABLE_STRICT_OBJC_MSGSEND = YES;
				ENABLE_TESTABILITY = YES;
				GCC_C_LANGUAGE_STANDARD = gnu99;
				GCC_DYNAMIC_NO_PIC = NO;
				GCC_NO_COMMON_BLOCKS = YES;
				GCC_OPTIMIZATION_LEVEL = 0;
				GCC_PREPROCESSOR_DEFINITIONS = (
					"DEBUG=1",
					"$(inherited)",
				);
				GCC_WARN_64_TO_32_BIT_CONVERSION = YES;
				GCC_WARN_ABOUT_RETURN_TYPE = YES_ERROR;
				GCC_WARN_UNDECLARED_SELECTOR = YES;
				GCC_WARN_UNINITIALIZED_AUTOS = YES_AGGRESSIVE;
				GCC_WARN_UNUSED_FUNCTION = YES;
				GCC_WARN_UNUSED_VARIABLE = YES;
				IPHONEOS_DEPLOYMENT_TARGET = 10.0;
				MTL_ENABLE_DEBUG_INFO = YES;
				ONLY_ACTIVE_ARCH = YES;
				SDKROOT = iphoneos;
				SWIFT_ACTIVE_COMPILATION_CONDITIONS = DEBUG;
				SWIFT_OPTIMIZATION_LEVEL = "-Onone";
				TARGETED_DEVICE_FAMILY = "1,2";
			};
			name = Debug;
		};
		753E27DB1E0C7578004CA208 /* Release */ = {
			isa = XCBuildConfiguration;
			buildSettings = {
				ALWAYS_SEARCH_USER_PATHS = NO;
				CLANG_ANALYZER_NONNULL = YES;
				CLANG_CXX_LANGUAGE_STANDARD = "gnu++0x";
				CLANG_CXX_LIBRARY = "libc++";
				CLANG_ENABLE_MODULES = YES;
				CLANG_ENABLE_OBJC_ARC = YES;
				CLANG_WARN_BOOL_CONVERSION = YES;
				CLANG_WARN_CONSTANT_CONVERSION = YES;
				CLANG_WARN_DIRECT_OBJC_ISA_USAGE = YES_ERROR;
				CLANG_WARN_DOCUMENTATION_COMMENTS = YES;
				CLANG_WARN_EMPTY_BODY = YES;
				CLANG_WARN_ENUM_CONVERSION = YES;
				CLANG_WARN_INFINITE_RECURSION = YES;
				CLANG_WARN_INT_CONVERSION = YES;
				CLANG_WARN_OBJC_ROOT_CLASS = YES_ERROR;
				CLANG_WARN_SUSPICIOUS_MOVES = YES;
				CLANG_WARN_UNREACHABLE_CODE = YES;
				CLANG_WARN__DUPLICATE_METHOD_MATCH = YES;
				"CODE_SIGN_IDENTITY[sdk=iphoneos*]" = "iPhone Developer";
				COPY_PHASE_STRIP = NO;
				DEBUG_INFORMATION_FORMAT = "dwarf-with-dsym";
				ENABLE_NS_ASSERTIONS = NO;
				ENABLE_STRICT_OBJC_MSGSEND = YES;
				GCC_C_LANGUAGE_STANDARD = gnu99;
				GCC_NO_COMMON_BLOCKS = YES;
				GCC_WARN_64_TO_32_BIT_CONVERSION = YES;
				GCC_WARN_ABOUT_RETURN_TYPE = YES_ERROR;
				GCC_WARN_UNDECLARED_SELECTOR = YES;
				GCC_WARN_UNINITIALIZED_AUTOS = YES_AGGRESSIVE;
				GCC_WARN_UNUSED_FUNCTION = YES;
				GCC_WARN_UNUSED_VARIABLE = YES;
				IPHONEOS_DEPLOYMENT_TARGET = 10.0;
				MTL_ENABLE_DEBUG_INFO = NO;
				SDKROOT = iphoneos;
				SWIFT_OPTIMIZATION_LEVEL = "-Owholemodule";
				TARGETED_DEVICE_FAMILY = "1,2";
				VALIDATE_PRODUCT = YES;
			};
			name = Release;
		};
		753E27DD1E0C7578004CA208 /* Debug */ = {
			isa = XCBuildConfiguration;
			baseConfigurationReference = 256CB7A0F28DB076AFBAFD84 /* Pods-iOSArchitectureMVVM.debug.xcconfig */;
			buildSettings = {
				ASSETCATALOG_COMPILER_APPICON_NAME = AppIcon;
				INFOPLIST_FILE = iOSArchitectureMVVM/Info.plist;
				LD_RUNPATH_SEARCH_PATHS = "$(inherited) @executable_path/Frameworks";
				PRODUCT_BUNDLE_IDENTIFIER = com.aptyr.iOSArchitectureMVVM;
				PRODUCT_NAME = "$(TARGET_NAME)";
				SWIFT_VERSION = 3.0;
			};
			name = Debug;
		};
		753E27DE1E0C7578004CA208 /* Release */ = {
			isa = XCBuildConfiguration;
			baseConfigurationReference = E4C3083AF1C8F194BB53E380 /* Pods-iOSArchitectureMVVM.release.xcconfig */;
			buildSettings = {
				ASSETCATALOG_COMPILER_APPICON_NAME = AppIcon;
				INFOPLIST_FILE = iOSArchitectureMVVM/Info.plist;
				LD_RUNPATH_SEARCH_PATHS = "$(inherited) @executable_path/Frameworks";
				PRODUCT_BUNDLE_IDENTIFIER = com.aptyr.iOSArchitectureMVVM;
				PRODUCT_NAME = "$(TARGET_NAME)";
				SWIFT_VERSION = 3.0;
			};
			name = Release;
		};
/* End XCBuildConfiguration section */

/* Begin XCConfigurationList section */
		753E27C51E0C7578004CA208 /* Build configuration list for PBXProject "iOSArchitectureMVVM" */ = {
			isa = XCConfigurationList;
			buildConfigurations = (
				753E27DA1E0C7578004CA208 /* Debug */,
				753E27DB1E0C7578004CA208 /* Release */,
			);
			defaultConfigurationIsVisible = 0;
			defaultConfigurationName = Release;
		};
		753E27DC1E0C7578004CA208 /* Build configuration list for PBXNativeTarget "iOSArchitectureMVVM" */ = {
			isa = XCConfigurationList;
			buildConfigurations = (
				753E27DD1E0C7578004CA208 /* Debug */,
				753E27DE1E0C7578004CA208 /* Release */,
			);
			defaultConfigurationIsVisible = 0;
			defaultConfigurationName = Release;
		};
/* End XCConfigurationList section */
	};
	rootObject = 753E27C21E0C7578004CA208 /* Project object */;
}
